
Microsoft Visual Studio Solution File, Format Version 12.00
# Visual Studio Version 17
VisualStudioVersion = 17.2.32616.157
MinimumVisualStudioVersion = 10.0.40219.1
Project("{FAE04EC0-301F-11D3-BF4B-00C04F79EFBC}") = "ModernVPN", "ModernVPN\ModernVPN.csproj", "{4BC32A8C-B603-44AB-B580-9146EF59F706}"
EndProject
Global
	GlobalSection(SolutionConfigurationPlatforms) = preSolution
		Debug|Any CPU = Debug|Any CPU
		Release|Any CPU = Release|Any CPU
	EndGlobalSection
	GlobalSection(ProjectConfigurationPlatforms) = postSolution
		{4BC32A8C-B603-44AB-B580-9146EF59F706}.Debug|Any CPU.ActiveCfg = Debug|Any CPU
		{4BC32A8C-B603-44AB-B580-9146EF59F706}.Debug|Any CPU.Build.0 = Debug|Any CPU
		{4BC32A8C-B603-44AB-B580-9146EF59F706}.Release|Any CPU.ActiveCfg = Release|Any CPU
		{4BC32A8C-B603-44AB-B580-9146EF59F706}.Release|Any CPU.Build.0 = Release|Any CPU
	EndGlobalSection
	GlobalSection(SolutionProperties) = preSolution
		HideSolutionNode = FALSE
	EndGlobalSection
	GlobalSection(ExtensibilityGlobals) = postSolution
		SolutionGuid = {4918954A-2549-4067-8180-02ED84F98FCD}
	EndGlobalSection
EndGlobal
